
Microsoft Visual Studio Solution File, Format Version 12.00
# Visual Studio 15
VisualStudioVersion = 15.0.26124.0
MinimumVisualStudioVersion = 15.0.26124.0
Project("{FAE04EC0-301F-11D3-BF4B-00C04F79EFBC}") = "RPNWebApi", "rest\RPNWebApi.csproj", "{EC8CE021-339B-4764-9A9C-FCAC630E9218}"
EndProject
Project("{FAE04EC0-301F-11D3-BF4B-00C04F79EFBC}") = "RPNWebAppMVC", "RPNWebAppMVC\RPNWebAppMVC.csproj", "{FC475955-AEB1-4325-8C5F-A69C8BA20063}"
EndProject
Project("{FAE04EC0-301F-11D3-BF4B-00C04F79EFBC}") = "RPNRest31", "RPNRest31\RPNRest31.csproj", "{94AB84AA-1FCB-41D4-952B-72C052430653}"
EndProject
Global
	GlobalSection(SolutionConfigurationPlatforms) = preSolution
		Debug|Any CPU = Debug|Any CPU
		Debug|x64 = Debug|x64
		Debug|x86 = Debug|x86
		Release|Any CPU = Release|Any CPU
		Release|x64 = Release|x64
		Release|x86 = Release|x86
	EndGlobalSection
	GlobalSection(SolutionProperties) = preSolution
		HideSolutionNode = FALSE
	EndGlobalSection
	GlobalSection(ProjectConfigurationPlatforms) = postSolution
		{EC8CE021-339B-4764-9A9C-FCAC630E9218}.Debug|Any CPU.ActiveCfg = Debug|Any CPU
		{EC8CE021-339B-4764-9A9C-FCAC630E9218}.Debug|Any CPU.Build.0 = Debug|Any CPU
		{EC8CE021-339B-4764-9A9C-FCAC630E9218}.Debug|x64.ActiveCfg = Debug|Any CPU
		{EC8CE021-339B-4764-9A9C-FCAC630E9218}.Debug|x64.Build.0 = Debug|Any CPU
		{EC8CE021-339B-4764-9A9C-FCAC630E9218}.Debug|x86.ActiveCfg = Debug|Any CPU
		{EC8CE021-339B-4764-9A9C-FCAC630E9218}.Debug|x86.Build.0 = Debug|Any CPU
		{EC8CE021-339B-4764-9A9C-FCAC630E9218}.Release|Any CPU.ActiveCfg = Release|Any CPU
		{EC8CE021-339B-4764-9A9C-FCAC630E9218}.Release|Any CPU.Build.0 = Release|Any CPU
		{EC8CE021-339B-4764-9A9C-FCAC630E9218}.Release|x64.ActiveCfg = Release|Any CPU
		{EC8CE021-339B-4764-9A9C-FCAC630E9218}.Release|x64.Build.0 = Release|Any CPU
		{EC8CE021-339B-4764-9A9C-FCAC630E9218}.Release|x86.ActiveCfg = Release|Any CPU
		{EC8CE021-339B-4764-9A9C-FCAC630E9218}.Release|x86.Build.0 = Release|Any CPU
		{FC475955-AEB1-4325-8C5F-A69C8BA20063}.Debug|Any CPU.ActiveCfg = Debug|Any CPU
		{FC475955-AEB1-4325-8C5F-A69C8BA20063}.Debug|Any CPU.Build.0 = Debug|Any CPU
		{FC475955-AEB1-4325-8C5F-A69C8BA20063}.Debug|x64.ActiveCfg = Debug|Any CPU
		{FC475955-AEB1-4325-8C5F-A69C8BA20063}.Debug|x64.Build.0 = Debug|Any CPU
		{FC475955-AEB1-4325-8C5F-A69C8BA20063}.Debug|x86.ActiveCfg = Debug|Any CPU
		{FC475955-AEB1-4325-8C5F-A69C8BA20063}.Debug|x86.Build.0 = Debug|Any CPU
		{FC475955-AEB1-4325-8C5F-A69C8BA20063}.Release|Any CPU.ActiveCfg = Release|Any CPU
		{FC475955-AEB1-4325-8C5F-A69C8BA20063}.Release|Any CPU.Build.0 = Release|Any CPU
		{FC475955-AEB1-4325-8C5F-A69C8BA20063}.Release|x64.ActiveCfg = Release|Any CPU
		{FC475955-AEB1-4325-8C5F-A69C8BA20063}.Release|x64.Build.0 = Release|Any CPU
		{FC475955-AEB1-4325-8C5F-A69C8BA20063}.Release|x86.ActiveCfg = Release|Any CPU
		{FC475955-AEB1-4325-8C5F-A69C8BA20063}.Release|x86.Build.0 = Release|Any CPU
		{94AB84AA-1FCB-41D4-952B-72C052430653}.Debug|Any CPU.ActiveCfg = Debug|Any CPU
		{94AB84AA-1FCB-41D4-952B-72C052430653}.Debug|Any CPU.Build.0 = Debug|Any CPU
		{94AB84AA-1FCB-41D4-952B-72C052430653}.Debug|x64.ActiveCfg = Debug|Any CPU
		{94AB84AA-1FCB-41D4-952B-72C052430653}.Debug|x64.Build.0 = Debug|Any CPU
		{94AB84AA-1FCB-41D4-952B-72C052430653}.Debug|x86.ActiveCfg = Debug|Any CPU
		{94AB84AA-1FCB-41D4-952B-72C052430653}.Debug|x86.Build.0 = Debug|Any CPU
		{94AB84AA-1FCB-41D4-952B-72C052430653}.Release|Any CPU.ActiveCfg = Release|Any CPU
		{94AB84AA-1FCB-41D4-952B-72C052430653}.Release|Any CPU.Build.0 = Release|Any CPU
		{94AB84AA-1FCB-41D4-952B-72C052430653}.Release|x64.ActiveCfg = Release|Any CPU
		{94AB84AA-1FCB-41D4-952B-72C052430653}.Release|x64.Build.0 = Release|Any CPU
		{94AB84AA-1FCB-41D4-952B-72C052430653}.Release|x86.ActiveCfg = Release|Any CPU
		{94AB84AA-1FCB-41D4-952B-72C052430653}.Release|x86.Build.0 = Release|Any CPU
	EndGlobalSection
EndGlobal
